
Microsoft Visual Studio Solution File, Format Version 12.00
# Visual Studio Version 16
VisualStudioVersion = 16.0.31205.134
MinimumVisualStudioVersion = 10.0.40219.1
Project("{FAE04EC0-301F-11D3-BF4B-00C04F79EFBC}") = "Composite Iterator", "Composite Iterator\Composite Iterator.csproj", "{016C834C-1118-4538-AC89-AC83BFD7929E}"
EndProject
Global
	GlobalSection(SolutionConfigurationPlatforms) = preSolution
		Debug|Any CPU = Debug|Any CPU
		Release|Any CPU = Release|Any CPU
	EndGlobalSection
	GlobalSection(ProjectConfigurationPlatforms) = postSolution
		{016C834C-1118-4538-AC89-AC83BFD7929E}.Debug|Any CPU.ActiveCfg = Debug|Any CPU
		{016C834C-1118-4538-AC89-AC83BFD7929E}.Debug|Any CPU.Build.0 = Debug|Any CPU
		{016C834C-1118-4538-AC89-AC83BFD7929E}.Release|Any CPU.ActiveCfg = Release|Any CPU
		{016C834C-1118-4538-AC89-AC83BFD7929E}.Release|Any CPU.Build.0 = Release|Any CPU
	EndGlobalSection
	GlobalSection(SolutionProperties) = preSolution
		HideSolutionNode = FALSE
	EndGlobalSection
	GlobalSection(ExtensibilityGlobals) = postSolution
		SolutionGuid = {E1A3AC48-2B19-416A-8EEE-CC7DE0B5E76F}
	EndGlobalSection
EndGlobal
